GEM
  remote: https://rubygems.org/
  specs:
    base64 (0.3.0)
    bcrypt (3.1.22)
    bigdecimal (3.3.1)
    caxlsx (4.4.2)
      htmlentities (~> 4.3, >= 4.3.4)
      marcel (~> 1.0)
      nokogiri (~> 1.10, >= 1.10.4)
      rubyzip (>= 2.4, < 4)
    csv (3.3.5)
    dotenv (3.2.0)
    htmlentities (4.4.2)
    json (2.19.4)
    logger (1.7.0)
    marcel (1.1.0)
    matrix (0.4.3)
    mustermann (3.1.1)
    nio4r (2.7.5)
    nokogiri (1.19.3-aarch64-linux-gnu)
      racc (~> 1.4)
    nokogiri (1.19.3-aarch64-linux-musl)
      racc (~> 1.4)
    nokogiri (1.19.3-arm-linux-gnu)
      racc (~> 1.4)
    nokogiri (1.19.3-arm-linux-musl)
      racc (~> 1.4)
    nokogiri (1.19.3-arm64-darwin)
      racc (~> 1.4)
    nokogiri (1.19.3-x86_64-darwin)
      racc (~> 1.4)
    nokogiri (1.19.3-x86_64-linux-gnu)
      racc (~> 1.4)
    nokogiri (1.19.3-x86_64-linux-musl)
      racc (~> 1.4)
    pdf-core (0.10.0)
    pg (1.6.3)
    pg (1.6.3-aarch64-linux)
    pg (1.6.3-aarch64-linux-musl)
    pg (1.6.3-arm64-darwin)
    pg (1.6.3-x86_64-darwin)
    pg (1.6.3-x86_64-linux)
    pg (1.6.3-x86_64-linux-musl)
    prawn (2.5.0)
      matrix (~> 0.4)
      pdf-core (~> 0.10.0)
      ttfunk (~> 1.8)
    puma (8.0.1)
      nio4r (~> 2.0)
    racc (1.8.1)
    rack (3.2.6)
    rack-protection (4.2.1)
      base64 (>= 0.1.0)
      logger (>= 1.6.0)
      rack (>= 3.0.0, < 4)
    rack-session (2.1.2)
      base64 (>= 0.1.0)
      rack (>= 3.0.0)
    rackup (2.3.1)
      rack (>= 3)
    rubyzip (3.2.2)
    sequel (5.103.0)
      bigdecimal
    sinatra (4.2.1)
      logger (>= 1.6.0)
      mustermann (~> 3.0)
      rack (>= 3.0.0, < 4)
      rack-protection (= 4.2.1)
      rack-session (>= 2.0.0, < 3)
      tilt (~> 2.0)
    sqlite3 (2.9.3-aarch64-linux-gnu)
    sqlite3 (2.9.3-aarch64-linux-musl)
    sqlite3 (2.9.3-arm-linux-gnu)
    sqlite3 (2.9.3-arm-linux-musl)
    sqlite3 (2.9.3-arm64-darwin)
    sqlite3 (2.9.3-x86_64-darwin)
    sqlite3 (2.9.3-x86_64-linux-gnu)
    sqlite3 (2.9.3-x86_64-linux-musl)
    tilt (2.7.0)
    ttfunk (1.8.0)
      bigdecimal (~> 3.1)

PLATFORMS
  aarch64-linux-gnu
  aarch64-linux-musl
  arm-linux-gnu
  arm-linux-musl
  arm64-darwin
  x86_64-darwin
  x86_64-linux-gnu
  x86_64-linux-musl

DEPENDENCIES
  bcrypt
  caxlsx
  csv
  dotenv
  json
  pg
  prawn
  puma
  rackup
  sequel
  sinatra
  sqlite3

CHECKSUMS
  base64 (0.3.0) sha256=27337aeabad6ffae05c265c450490628ef3ebd4b67be58257393227588f5a97b
  bcrypt (3.1.22) sha256=1f0072e88c2d705d94aff7f2c5cb02eb3f1ec4b8368671e19112527489f29032
  bigdecimal (3.3.1) sha256=eaa01e228be54c4f9f53bf3cc34fe3d5e845c31963e7fcc5bedb05a4e7d52218
  bundler (4.0.11) sha256=5bcec0fb78302e48d02ee46f10ee6e6942be647ba5b44a6d1ddfda9a240ce785
  caxlsx (4.4.2) sha256=41bb1141eb083f2f72e0a34db85684a2ec48d38fed4c1ff20c1525c47cdc93eb
  csv (3.3.5) sha256=6e5134ac3383ef728b7f02725d9872934f523cb40b961479f69cf3afa6c8e73f
  dotenv (3.2.0) sha256=e375b83121ea7ca4ce20f214740076129ab8514cd81378161f11c03853fe619d
  htmlentities (4.4.2) sha256=bbafbdf69f2eca9262be4efef7e43e6a1de54c95eb600f26984f71d2fe96c5c3
  json (2.19.4) sha256=670a7d333fb3b18ca5b29cb255eb7bef099e40d88c02c80bd42a3f30fe5239ac
  logger (1.7.0) sha256=196edec7cc44b66cfb40f9755ce11b392f21f7967696af15d274dde7edff0203
  marcel (1.1.0) sha256=fdcfcfa33cc52e93c4308d40e4090a5d4ea279e160a7f6af988260fa970e0bee
  matrix (0.4.3) sha256=a0d5ab7ddcc1973ff690ab361b67f359acbb16958d1dc072b8b956a286564c5b
  mustermann (3.1.1) sha256=4c6170c7234d5499c345562ba7c7dfe73e1754286dcc1abb053064d66a127198
  nio4r (2.7.5) sha256=6c90168e48fb5f8e768419c93abb94ba2b892a1d0602cb06eef16d8b7df1dca1
  nokogiri (1.19.3-aarch64-linux-gnu) sha256=46b89e5d7b9e844c2ee360794240c6ea2a4e6fa0c5892a4ed487db621224b639
  nokogiri (1.19.3-aarch64-linux-musl) sha256=8392dfdcd21be7a94dbbe9ccc138dea01b97b24cb2dc02a114ca98bfb1d9a0b7
  nokogiri (1.19.3-arm-linux-gnu) sha256=3919d5ffc334ad778a4a9eb88fda7dcb8b1fb58c8a52ac640c6dcd2f038e774f
  nokogiri (1.19.3-arm-linux-musl) sha256=9ce1cb6346bb9c67b1550eb537aa183ead91e4b6eadb2f36ade02d8dd2a79fb6
  nokogiri (1.19.3-arm64-darwin) sha256=71b9bd424b1b7abc18b05052a1a3cfd3627abdca62be280854cc411791357e42
  nokogiri (1.19.3-x86_64-darwin) sha256=77f3fba57d46c53ab31e62fc6c28f705109d1bf6264356c76f132b2be5728d4d
  nokogiri (1.19.3-x86_64-linux-gnu) sha256=2f5078620fe12e83669b5b17311b32532a8153d02eee7ad06948b926d6080976
  nokogiri (1.19.3-x86_64-linux-musl) sha256=248c906d2166eca5efb56d52fdee5f9a1f51d69a72e2b64fdac647b4ce39ea3f
  pdf-core (0.10.0) sha256=0a5d101e2063c01e3f941e1ee47cbb97f1adfc1395b58372f4f65f1300f3ce91
  pg (1.6.3) sha256=1388d0563e13d2758c1089e35e973a3249e955c659592d10e5b77c468f628a99
  pg (1.6.3-aarch64-linux) sha256=0698ad563e02383c27510b76bf7d4cd2de19cd1d16a5013f375dd473e4be72ea
  pg (1.6.3-aarch64-linux-musl) sha256=06a75f4ea04b05140146f2a10550b8e0d9f006a79cdaf8b5b130cde40e3ecc2c
  pg (1.6.3-arm64-darwin) sha256=7240330b572e6355d7c75a7de535edb5dfcbd6295d9c7777df4d9dddfb8c0e5f
  pg (1.6.3-x86_64-darwin) sha256=ee2e04a17c0627225054ffeb43e31a95be9d7e93abda2737ea3ce4a62f2729d6
  pg (1.6.3-x86_64-linux) sha256=5d9e188c8f7a0295d162b7b88a768d8452a899977d44f3274d1946d67920ae8d
  pg (1.6.3-x86_64-linux-musl) sha256=9c9c90d98c72f78eb04c0f55e9618fe55d1512128e411035fe229ff427864009
  prawn (2.5.0) sha256=f4e20e3b4f30bf5b9ae37dad15eb421831594553aa930b2391b0fa0a99c43cb6
  puma (8.0.1) sha256=7b94e50c07655718c1fb8ae41a11fc06c7d61293208b3aa608ff71a46d3ad37c
  racc (1.8.1) sha256=4a7f6929691dbec8b5209a0b373bc2614882b55fc5d2e447a21aaa691303d62f
  rack (3.2.6) sha256=5ed78e1f73b2e25679bec7d45ee2d4483cc4146eb1be0264fc4d94cb5ef212c2
  rack-protection (4.2.1) sha256=cf6e2842df8c55f5e4d1a4be015e603e19e9bc3a7178bae58949ccbb58558bac
  rack-session (2.1.2) sha256=595434f8c0c3473ae7d7ac56ecda6cc6dfd9d37c0b2b5255330aa1576967ffe8
  rackup (2.3.1) sha256=6c79c26753778e90983761d677a48937ee3192b3ffef6bc963c0950f94688868
  rubyzip (3.2.2) sha256=c0ed99385f0625415c8f05bcae33fe649ed2952894a95ff8b08f26ca57ea5b3c
  sequel (5.103.0) sha256=51bf23374cc585724fc51a2ae8b95283422c97ca4585ce28f3db27a26ce55a69
  sinatra (4.2.1) sha256=b7aeb9b11d046b552972ade834f1f9be98b185fa8444480688e3627625377080
  sqlite3 (2.9.3-aarch64-linux-gnu) sha256=ca6dd1cf6c037ccc8d3e5837190cc61ef15466092014951235641b5c4c8ab4ee
  sqlite3 (2.9.3-aarch64-linux-musl) sha256=ff017a36c463d02e9f0be7a6224521371128024e6a05ed16994afa5c037afbba
  sqlite3 (2.9.3-arm-linux-gnu) sha256=fd8b74337a66bdaf746b97d65e6c9a2faff803c8f72d6b107fb880972815d072
  sqlite3 (2.9.3-arm-linux-musl) sha256=792ae9a786bb37dbdc4c443c527bc91df423aac10e472f76d5cf5a9ac6d51980
  sqlite3 (2.9.3-arm64-darwin) sha256=76b265d3d57362d3e38338f24f50a0c9cd47a4599c9cfbb578fac125d2299906
  sqlite3 (2.9.3-x86_64-darwin) sha256=087e7cc4efc73d83e76354f028c4d1dc14552a05acc74f60e77a55f1bee6ef22
  sqlite3 (2.9.3-x86_64-linux-gnu) sha256=85200a10c6cf5c60085fcca411a3168c5fba8fda3e2b1b0109ec277d7c226d46
  sqlite3 (2.9.3-x86_64-linux-musl) sha256=b6d0437046d9180335dea1aa0592802e65c4f7b57409d63f14408211bf28536b
  tilt (2.7.0) sha256=0d5b9ba69f6a36490c64b0eee9f6e9aad517e20dcc848800a06eb116f08c6ab3
  ttfunk (1.8.0) sha256=a7cbc7e489cc46e979dde04d34b5b9e4f5c8f1ee5fc6b1a7be39b829919d20ca

BUNDLED WITH
  4.0.11
